
Microsoft Visual Studio Solution File, Format Version 12.00
# Visual Studio Version 17
VisualStudioVersion = 17.14.36429.23 d17.14
MinimumVisualStudioVersion = 10.0.40219.1
Project("{FAE04EC0-301F-11D3-BF4B-00C04F79EFBC}") = "SistemaDeGastosPersonales.Domain", "SistemaDeGastosPersonales.Domain\SistemaDeGastosPersonales.Domain.csproj", "{72B9C3C8-B4B8-4959-9C1C-C2C54518DACC}"
EndProject
Project("{FAE04EC0-301F-11D3-BF4B-00C04F79EFBC}") = "SistemaDeGastosPersonales.Application", "SistemaDeGastosPersonales.Application\SistemaDeGastosPersonales.Application.csproj", "{4E354574-D142-4A2E-9A50-98267CEA27C7}"
EndProject
Project("{FAE04EC0-301F-11D3-BF4B-00C04F79EFBC}") = "SistemaDeGastosPersonales.Infrastructure", "SistemaDeGastosPersonales.Infrastructure\SistemaDeGastosPersonales.Infrastructure.csproj", "{520CC2EE-2AA0-40D8-8782-FD8DEEA93302}"
EndProject
Project("{FAE04EC0-301F-11D3-BF4B-00C04F79EFBC}") = "SistemaDeGastosPersonales.API", "SistemaDeGastosPersonales.API\SistemaDeGastosPersonales.API.csproj", "{EA7FF0FB-C8C1-4673-A6BF-FD7D036DA6DE}"
EndProject
Global
	GlobalSection(SolutionConfigurationPlatforms) = preSolution
		Debug|Any CPU = Debug|Any CPU
		Release|Any CPU = Release|Any CPU
	EndGlobalSection
	GlobalSection(ProjectConfigurationPlatforms) = postSolution
		{72B9C3C8-B4B8-4959-9C1C-C2C54518DACC}.Debug|Any CPU.ActiveCfg = Debug|Any CPU
		{72B9C3C8-B4B8-4959-9C1C-C2C54518DACC}.Debug|Any CPU.Build.0 = Debug|Any CPU
		{72B9C3C8-B4B8-4959-9C1C-C2C54518DACC}.Release|Any CPU.ActiveCfg = Release|Any CPU
		{72B9C3C8-B4B8-4959-9C1C-C2C54518DACC}.Release|Any CPU.Build.0 = Release|Any CPU
		{4E354574-D142-4A2E-9A50-98267CEA27C7}.Debug|Any CPU.ActiveCfg = Debug|Any CPU
		{4E354574-D142-4A2E-9A50-98267CEA27C7}.Debug|Any CPU.Build.0 = Debug|Any CPU
		{4E354574-D142-4A2E-9A50-98267CEA27C7}.Release|Any CPU.ActiveCfg = Release|Any CPU
		{4E354574-D142-4A2E-9A50-98267CEA27C7}.Release|Any CPU.Build.0 = Release|Any CPU
		{520CC2EE-2AA0-40D8-8782-FD8DEEA93302}.Debug|Any CPU.ActiveCfg = Debug|Any CPU
		{520CC2EE-2AA0-40D8-8782-FD8DEEA93302}.Debug|Any CPU.Build.0 = Debug|Any CPU
		{520CC2EE-2AA0-40D8-8782-FD8DEEA93302}.Release|Any CPU.ActiveCfg = Release|Any CPU
		{520CC2EE-2AA0-40D8-8782-FD8DEEA93302}.Release|Any CPU.Build.0 = Release|Any CPU
		{EA7FF0FB-C8C1-4673-A6BF-FD7D036DA6DE}.Debug|Any CPU.ActiveCfg = Debug|Any CPU
		{EA7FF0FB-C8C1-4673-A6BF-FD7D036DA6DE}.Debug|Any CPU.Build.0 = Debug|Any CPU
		{EA7FF0FB-C8C1-4673-A6BF-FD7D036DA6DE}.Release|Any CPU.ActiveCfg = Release|Any CPU
		{EA7FF0FB-C8C1-4673-A6BF-FD7D036DA6DE}.Release|Any CPU.Build.0 = Release|Any CPU
	EndGlobalSection
	GlobalSection(SolutionProperties) = preSolution
		HideSolutionNode = FALSE
	EndGlobalSection
	GlobalSection(ExtensibilityGlobals) = postSolution
		SolutionGuid = {3B4F0C2D-CE50-422E-8FB1-66262933593E}
	EndGlobalSection
EndGlobal
